// !$*UTF8*$!
{
	archiveVersion = 1;
	classes = {
	};
	objectVersion = 77;
	objects = {

/* Begin PBXContainerItemProxy section */
		403838CC2D4C321B00A918BE /* PBXContainerItemProxy */ = {
			isa = PBXContainerItemProxy;
			containerPortal = 403838B32D4C321900A918BE /* Project object */;
			proxyType = 1;
			remoteGlobalIDString = 403838BA2D4C321900A918BE;
			remoteInfo = "Bönetider";
		};
		403838D62D4C321B00A918BE /* PBXContainerItemProxy */ = {
			isa = PBXContainerItemProxy;
			containerPortal = 403838B32D4C321900A918BE /* Project object */;
			proxyType = 1;
			remoteGlobalIDString = 403838BA2D4C321900A918BE;
			remoteInfo = "Bönetider";
		};
/* End PBXContainerItemProxy section */

/* Begin PBXFileReference section */
		403838BB2D4C321900A918BE /* Bönetider.app */ = {isa = PBXFileReference; explicitFileType = wrapper.application; includeInIndex = 0; path = "Bönetider.app"; sourceTree = BUILT_PRODUCTS_DIR; };
		403838CB2D4C321B00A918BE /* BönetiderTests.xctest */ = {isa = PBXFileReference; explicitFileType = wrapper.cfbundle; includeInIndex = 0; path = "BönetiderTests.xctest"; sourceTree = BUILT_PRODUCTS_DIR; };
		403838D52D4C321B00A918BE /* BönetiderUITests.xctest */ = {isa = PBXFileReference; explicitFileType = wrapper.cfbundle; includeInIndex = 0; path = "BönetiderUITests.xctest"; sourceTree = BUILT_PRODUCTS_DIR; };
/* End PBXFileReference section */

/* Begin PBXFileSystemSynchronizedRootGroup section */
		403838BD2D4C321900A918BE /* Bönetider */ = {
			isa = PBXFileSystemSynchronizedRootGroup;
			path = "Bönetider";
			sourceTree = "<group>";
		};
		403838CE2D4C321B00A918BE /* BönetiderTests */ = {
			isa = PBXFileSystemSynchronizedRootGroup;
			path = "BönetiderTests";
			sourceTree = "<group>";
		};
		403838D82D4C321B00A918BE /* BönetiderUITests */ = {
			isa = PBXFileSystemSynchronizedRootGroup;
			path = "BönetiderUITests";
			sourceTree = "<group>";
		};
/* End PBXFileSystemSynchronizedRootGroup section */

/* Begin PBXFrameworksBuildPhase section */
		403838B82D4C321900A918BE /* Frameworks */ = {
			isa = PBXFrameworksBuildPhase;
			buildActionMask = 2147483647;
			files = (
			);
			runOnlyForDeploymentPostprocessing = 0;
		};
		403838C82D4C321B00A918BE /* Frameworks */ = {
			isa = PBXFrameworksBuildPhase;
			buildActionMask = 2147483647;
			files = (
			);
			runOnlyForDeploymentPostprocessing = 0;
		};
		403838D22D4C321B00A918BE /* Frameworks */ = {
			isa = PBXFrameworksBuildPhase;
			buildActionMask = 2147483647;
			files = (
			);
			runOnlyForDeploymentPostprocessing = 0;
		};
/* End PBXFrameworksBuildPhase section */

/* Begin PBXGroup section */
		403838B22D4C321900A918BE = {
			isa = PBXGroup;
			children = (
				403838BD2D4C321900A918BE /* Bönetider */,
				403838CE2D4C321B00A918BE /* BönetiderTests */,
				403838D82D4C321B00A918BE /* BönetiderUITests */,
				403838BC2D4C321900A918BE /* Products */,
			);
			sourceTree = "<group>";
		};
		403838BC2D4C321900A918BE /* Products */ = {
			isa = PBXGroup;
			children = (
				403838BB2D4C321900A918BE /* Bönetider.app */,
				403838CB2D4C321B00A918BE /* BönetiderTests.xctest */,
				403838D52D4C321B00A918BE /* BönetiderUITests.xctest */,
			);
			name = Products;
			sourceTree = "<group>";
		};
/* End PBXGroup section */

/* Begin PBXNativeTarget section */
		403838BA2D4C321900A918BE /* Bönetider */ = {
			isa = PBXNativeTarget;
			buildConfigurationList = 403838DF2D4C321B00A918BE /* Build configuration list for PBXNativeTarget "Bönetider" */;
			buildPhases = (
				403838B72D4C321900A918BE /* Sources */,
				403838B82D4C321900A918BE /* Frameworks */,
				403838B92D4C321900A918BE /* Resources */,
			);
			buildRules = (
			);
			dependencies = (
			);
			fileSystemSynchronizedGroups = (
				403838BD2D4C321900A918BE /* Bönetider */,
			);
			name = "Bönetider";
			packageProductDependencies = (
			);
			productName = "Bönetider";
			productReference = 403838BB2D4C321900A918BE /* Bönetider.app */;
			productType = "com.apple.product-type.application";
		};
		403838CA2D4C321B00A918BE /* BönetiderTests */ = {
			isa = PBXNativeTarget;
			buildConfigurationList = 403838E22D4C321B00A918BE /* Build configuration list for PBXNativeTarget "BönetiderTests" */;
			buildPhases = (
				403838C72D4C321B00A918BE /* Sources */,
				403838C82D4C321B00A918BE /* Frameworks */,
				403838C92D4C321B00A918BE /* Resources */,
			);
			buildRules = (
			);
			dependencies = (
				403838CD2D4C321B00A918BE /* PBXTargetDependency */,
			);
			fileSystemSynchronizedGroups = (
				403838CE2D4C321B00A918BE /* BönetiderTests */,
			);
			name = "BönetiderTests";
			packageProductDependencies = (
			);
			productName = "BönetiderTests";
			productReference = 403838CB2D4C321B00A918BE /* BönetiderTests.xctest */;
			productType = "com.apple.product-type.bundle.unit-test";
		};
		403838D42D4C321B00A918BE /* BönetiderUITests */ = {
			isa = PBXNativeTarget;
			buildConfigurationList = 403838E52D4C321B00A918BE /* Build configuration list for PBXNativeTarget "BönetiderUITests" */;
			buildPhases = (
				403838D12D4C321B00A918BE /* Sources */,
				403838D22D4C321B00A918BE /* Frameworks */,
				403838D32D4C321B00A918BE /* Resources */,
			);
			buildRules = (
			);
			dependencies = (
				403838D72D4C321B00A918BE /* PBXTargetDependency */,
			);
			fileSystemSynchronizedGroups = (
				403838D82D4C321B00A918BE /* BönetiderUITests */,
			);
			name = "BönetiderUITests";
			packageProductDependencies = (
			);
			productName = "BönetiderUITests";
			productReference = 403838D52D4C321B00A918BE /* BönetiderUITests.xctest */;
			productType = "com.apple.product-type.bundle.ui-testing";
		};
/* End PBXNativeTarget section */

/* Begin PBXProject section */
		403838B32D4C321900A918BE /* Project object */ = {
			isa = PBXProject;
			attributes = {
				BuildIndependentTargetsInParallel = 1;
				LastSwiftUpdateCheck = 1620;
				LastUpgradeCheck = 1620;
				TargetAttributes = {
					403838BA2D4C321900A918BE = {
						CreatedOnToolsVersion = 16.2;
					};
					403838CA2D4C321B00A918BE = {
						CreatedOnToolsVersion = 16.2;
						TestTargetID = 403838BA2D4C321900A918BE;
					};
					403838D42D4C321B00A918BE = {
						CreatedOnToolsVersion = 16.2;
						TestTargetID = 403838BA2D4C321900A918BE;
					};
				};
			};
			buildConfigurationList = 403838B62D4C321900A918BE /* Build configuration list for PBXProject "Bönetider" */;
			developmentRegion = en;
			hasScannedForEncodings = 0;
			knownRegions = (
				en,
				Base,
				sv,
			);
			mainGroup = 403838B22D4C321900A918BE;
			minimizedProjectReferenceProxies = 1;
			preferredProjectObjectVersion = 77;
			productRefGroup = 403838BC2D4C321900A918BE /* Products */;
			projectDirPath = "";
			projectRoot = "";
			targets = (
				403838BA2D4C321900A918BE /* Bönetider */,
				403838CA2D4C321B00A918BE /* BönetiderTests */,
				403838D42D4C321B00A918BE /* BönetiderUITests */,
			);
		};
/* End PBXProject section */

/* Begin PBXResourcesBuildPhase section */
		403838B92D4C321900A918BE /* Resources */ = {
			isa = PBXResourcesBuildPhase;
			buildActionMask = 2147483647;
			files = (
			);
			runOnlyForDeploymentPostprocessing = 0;
		};
		403838C92D4C321B00A918BE /* Resources */ = {
			isa = PBXResourcesBuildPhase;
			buildActionMask = 2147483647;
			files = (
			);
			runOnlyForDeploymentPostprocessing = 0;
		};
		403838D32D4C321B00A918BE /* Resources */ = {
			isa = PBXResourcesBuildPhase;
			buildActionMask = 2147483647;
			files = (
			);
			runOnlyForDeploymentPostprocessing = 0;
		};
/* End PBXResourcesBuildPhase section */

/* Begin PBXSourcesBuildPhase section */
		403838B72D4C321900A918BE /* Sources */ = {
			isa = PBXSourcesBuildPhase;
			buildActionMask = 2147483647;
			files = (
			);
			runOnlyForDeploymentPostprocessing = 0;
		};
		403838C72D4C321B00A918BE /* Sources */ = {
			isa = PBXSourcesBuildPhase;
			buildActionMask = 2147483647;
			files = (
			);
			runOnlyForDeploymentPostprocessing = 0;
		};
		403838D12D4C321B00A918BE /* Sources */ = {
			isa = PBXSourcesBuildPhase;
			buildActionMask = 2147483647;
			files = (
			);
			runOnlyForDeploymentPostprocessing = 0;
		};
/* End PBXSourcesBuildPhase section */

/* Begin PBXTargetDependency section */
		403838CD2D4C321B00A918BE /* PBXTargetDependency */ = {
			isa = PBXTargetDependency;
			target = 403838BA2D4C321900A918BE /* Bönetider */;
			targetProxy = 403838CC2D4C321B00A918BE /* PBXContainerItemProxy */;
		};
		403838D72D4C321B00A918BE /* PBXTargetDependency */ = {
			isa = PBXTargetDependency;
			target = 403838BA2D4C321900A918BE /* Bönetider */;
			targetProxy = 403838D62D4C321B00A918BE /* PBXContainerItemProxy */;
		};
/* End PBXTargetDependency section */

/* Begin XCBuildConfiguration section */
		403838DD2D4C321B00A918BE /* Debug */ = {
			isa = XCBuildConfiguration;
			buildSettings = {
				ALWAYS_SEARCH_USER_PATHS = NO;
				ASSETCATALOG_COMPILER_GENERATE_SWIFT_ASSET_SYMBOL_EXTENSIONS = YES;
				CLANG_ANALYZER_NONNULL = YES;
				CLANG_ANALYZER_NUMBER_OBJECT_CONVERSION = YES_AGGRESSIVE;
				CLANG_CXX_LANGUAGE_STANDARD = "gnu++20";
				CLANG_ENABLE_MODULES = YES;
				CLANG_ENABLE_OBJC_ARC = YES;
				CLANG_ENABLE_OBJC_WEAK = YES;
				CLANG_WARN_BLOCK_CAPTURE_AUTORELEASING = YES;
				CLANG_WARN_BOOL_CONVERSION = YES;
				CLANG_WARN_COMMA = YES;
				CLANG_WARN_CONSTANT_CONVERSION = YES;
				CLANG_WARN_DEPRECATED_OBJC_IMPLEMENTATIONS = YES;
				CLANG_WARN_DIRECT_OBJC_ISA_USAGE = YES_ERROR;
				CLANG_WARN_DOCUMENTATION_COMMENTS = YES;
				CLANG_WARN_EMPTY_BODY = YES;
				CLANG_WARN_ENUM_CONVERSION = YES;
				CLANG_WARN_INFINITE_RECURSION = YES;
				CLANG_WARN_INT_CONVERSION = YES;
				CLANG_WARN_NON_LITERAL_NULL_CONVERSION = YES;
				CLANG_WARN_OBJC_IMPLICIT_RETAIN_SELF = YES;
				CLANG_WARN_OBJC_LITERAL_CONVERSION = YES;
				CLANG_WARN_OBJC_ROOT_CLASS = YES_ERROR;
				CLANG_WARN_QUOTED_INCLUDE_IN_FRAMEWORK_HEADER = YES;
				CLANG_WARN_RANGE_LOOP_ANALYSIS = YES;
				CLANG_WARN_STRICT_PROTOTYPES = YES;
				CLANG_WARN_SUSPICIOUS_MOVE = YES;
				CLANG_WARN_UNGUARDED_AVAILABILITY = YES_AGGRESSIVE;
				CLANG_WARN_UNREACHABLE_CODE = YES;
				CLANG_WARN__DUPLICATE_METHOD_MATCH = YES;
				COPY_PHASE_STRIP = NO;
				DEBUG_INFORMATION_FORMAT = dwarf;
				ENABLE_STRICT_OBJC_MSGSEND = YES;
				ENABLE_TESTABILITY = YES;
				ENABLE_USER_SCRIPT_SANDBOXING = YES;
				GCC_C_LANGUAGE_STANDARD = gnu17;
				GCC_DYNAMIC_NO_PIC = NO;
				GCC_NO_COMMON_BLOCKS = YES;
				GCC_OPTIMIZATION_LEVEL = 0;
				GCC_PREPROCESSOR_DEFINITIONS = (
					"DEBUG=1",
					"$(inherited)",
				);
				GCC_WARN_64_TO_32_BIT_CONVERSION = YES;
				GCC_WARN_ABOUT_RETURN_TYPE = YES_ERROR;
				GCC_WARN_UNDECLARED_SELECTOR = YES;
				GCC_WARN_UNINITIALIZED_AUTOS = YES_AGGRESSIVE;
				GCC_WARN_UNUSED_FUNCTION = YES;
				GCC_WARN_UNUSED_VARIABLE = YES;
				IPHONEOS_DEPLOYMENT_TARGET = 18.2;
				LOCALIZATION_PREFERS_STRING_CATALOGS = YES;
				MTL_ENABLE_DEBUG_INFO = INCLUDE_SOURCE;
				MTL_FAST_MATH = YES;
				ONLY_ACTIVE_ARCH = YES;
				SDKROOT = iphoneos;
				SWIFT_ACTIVE_COMPILATION_CONDITIONS = "DEBUG $(inherited)";
				SWIFT_EMIT_LOC_STRINGS = YES;
				SWIFT_OPTIMIZATION_LEVEL = "-Onone";
			};
			name = Debug;
		};
		403838DE2D4C321B00A918BE /* Release */ = {
			isa = XCBuildConfiguration;
			buildSettings = {
				ALWAYS_SEARCH_USER_PATHS = NO;
				ASSETCATALOG_COMPILER_GENERATE_SWIFT_ASSET_SYMBOL_EXTENSIONS = YES;
				CLANG_ANALYZER_NONNULL = YES;
				CLANG_ANALYZER_NUMBER_OBJECT_CONVERSION = YES_AGGRESSIVE;
				CLANG_CXX_LANGUAGE_STANDARD = "gnu++20";
				CLANG_ENABLE_MODULES = YES;
				CLANG_ENABLE_OBJC_ARC = YES;
				CLANG_ENABLE_OBJC_WEAK = YES;
				CLANG_WARN_BLOCK_CAPTURE_AUTORELEASING = YES;
				CLANG_WARN_BOOL_CONVERSION = YES;
				CLANG_WARN_COMMA = YES;
				CLANG_WARN_CONSTANT_CONVERSION = YES;
				CLANG_WARN_DEPRECATED_OBJC_IMPLEMENTATIONS = YES;
				CLANG_WARN_DIRECT_OBJC_ISA_USAGE = YES_ERROR;
				CLANG_WARN_DOCUMENTATION_COMMENTS = YES;
				CLANG_WARN_EMPTY_BODY = YES;
				CLANG_WARN_ENUM_CONVERSION = YES;
				CLANG_WARN_INFINITE_RECURSION = YES;
				CLANG_WARN_INT_CONVERSION = YES;
				CLANG_WARN_NON_LITERAL_NULL_CONVERSION = YES;
				CLANG_WARN_OBJC_IMPLICIT_RETAIN_SELF = YES;
				CLANG_WARN_OBJC_LITERAL_CONVERSION = YES;
				CLANG_WARN_OBJC_ROOT_CLASS = YES_ERROR;
				CLANG_WARN_QUOTED_INCLUDE_IN_FRAMEWORK_HEADER = YES;
				CLANG_WARN_RANGE_LOOP_ANALYSIS = YES;
				CLANG_WARN_STRICT_PROTOTYPES = YES;
				CLANG_WARN_SUSPICIOUS_MOVE = YES;
				CLANG_WARN_UNGUARDED_AVAILABILITY = YES_AGGRESSIVE;
				CLANG_WARN_UNREACHABLE_CODE = YES;
				CLANG_WARN__DUPLICATE_METHOD_MATCH = YES;
				COPY_PHASE_STRIP = NO;
				DEBUG_INFORMATION_FORMAT = "dwarf-with-dsym";
				ENABLE_NS_ASSERTIONS = NO;
				ENABLE_STRICT_OBJC_MSGSEND = YES;
				ENABLE_USER_SCRIPT_SANDBOXING = YES;
				GCC_C_LANGUAGE_STANDARD = gnu17;
				GCC_NO_COMMON_BLOCKS = YES;
				GCC_WARN_64_TO_32_BIT_CONVERSION = YES;
				GCC_WARN_ABOUT_RETURN_TYPE = YES_ERROR;
				GCC_WARN_UNDECLARED_SELECTOR = YES;
				GCC_WARN_UNINITIALIZED_AUTOS = YES_AGGRESSIVE;
				GCC_WARN_UNUSED_FUNCTION = YES;
				GCC_WARN_UNUSED_VARIABLE = YES;
				IPHONEOS_DEPLOYMENT_TARGET = 18.2;
				LOCALIZATION_PREFERS_STRING_CATALOGS = YES;
				MTL_ENABLE_DEBUG_INFO = NO;
				MTL_FAST_MATH = YES;
				SDKROOT = iphoneos;
				SWIFT_COMPILATION_MODE = wholemodule;
				SWIFT_EMIT_LOC_STRINGS = YES;
				VALIDATE_PRODUCT = YES;
			};
			name = Release;
		};
		403838E02D4C321B00A918BE /* Debug */ = {
			isa = XCBuildConfiguration;
			buildSettings = {
				ASSETCATALOG_COMPILER_APPICON_NAME = AppIcon;
				ASSETCATALOG_COMPILER_GLOBAL_ACCENT_COLOR_NAME = AccentColor;
				CODE_SIGN_STYLE = Automatic;
				CURRENT_PROJECT_VERSION = 1;
				DEVELOPMENT_ASSET_PATHS = "\"Bönetider/Preview Content\"";
				DEVELOPMENT_TEAM = G5ER9796HA;
				ENABLE_PREVIEWS = YES;
				GENERATE_INFOPLIST_FILE = YES;
				INFOPLIST_FILE = "Bo-netider-Info.plist";
				INFOPLIST_KEY_NSLocationWhenInUseUsageDescription = "Bönetider needs your location to determine the qibla direction.";
				INFOPLIST_KEY_UIApplicationSceneManifest_Generation = YES;
				INFOPLIST_KEY_UIApplicationSupportsIndirectInputEvents = YES;
				INFOPLIST_KEY_UILaunchScreen_Generation = YES;
				INFOPLIST_KEY_UISupportedInterfaceOrientations = UIInterfaceOrientationPortrait;
				INFOPLIST_KEY_UISupportedInterfaceOrientations_iPad = "UIInterfaceOrientationLandscapeLeft UIInterfaceOrientationLandscapeRight UIInterfaceOrientationPortrait UIInterfaceOrientationPortraitUpsideDown";
				LD_RUNPATH_SEARCH_PATHS = (
					"$(inherited)",
					"@executable_path/Frameworks",
				);
				MARKETING_VERSION = 1.0;
				PRODUCT_BUNDLE_IDENTIFIER = me.thanish.prayers.se;
				PRODUCT_NAME = "$(TARGET_NAME)";
				SWIFT_EMIT_LOC_STRINGS = YES;
				SWIFT_VERSION = 5.0;
				TARGETED_DEVICE_FAMILY = "1,2";
			};
			name = Debug;
		};
		403838E12D4C321B00A918BE /* Release */ = {
			isa = XCBuildConfiguration;
			buildSettings = {
				ASSETCATALOG_COMPILER_APPICON_NAME = AppIcon;
				ASSETCATALOG_COMPILER_GLOBAL_ACCENT_COLOR_NAME = AccentColor;
				CODE_SIGN_STYLE = Automatic;
				CURRENT_PROJECT_VERSION = 1;
				DEVELOPMENT_ASSET_PATHS = "\"Bönetider/Preview Content\"";
				DEVELOPMENT_TEAM = G5ER9796HA;
				ENABLE_PREVIEWS = YES;
				GENERATE_INFOPLIST_FILE = YES;
				INFOPLIST_FILE = "Bo-netider-Info.plist";
				INFOPLIST_KEY_NSLocationWhenInUseUsageDescription = "Bönetider needs your location to determine the qibla direction.";
				INFOPLIST_KEY_UIApplicationSceneManifest_Generation = YES;
				INFOPLIST_KEY_UIApplicationSupportsIndirectInputEvents = YES;
				INFOPLIST_KEY_UILaunchScreen_Generation = YES;
				INFOPLIST_KEY_UISupportedInterfaceOrientations = UIInterfaceOrientationPortrait;
				INFOPLIST_KEY_UISupportedInterfaceOrientations_iPad = "UIInterfaceOrientationLandscapeLeft UIInterfaceOrientationLandscapeRight UIInterfaceOrientationPortrait UIInterfaceOrientationPortraitUpsideDown";
				LD_RUNPATH_SEARCH_PATHS = (
					"$(inherited)",
					"@executable_path/Frameworks",
				);
				MARKETING_VERSION = 1.0;
				PRODUCT_BUNDLE_IDENTIFIER = me.thanish.prayers.se;
				PRODUCT_NAME = "$(TARGET_NAME)";
				SWIFT_EMIT_LOC_STRINGS = YES;
				SWIFT_VERSION = 5.0;
				TARGETED_DEVICE_FAMILY = "1,2";
			};
			name = Release;
		};
		403838E32D4C321B00A918BE /* Debug */ = {
			isa = XCBuildConfiguration;
			buildSettings = {
				BUNDLE_LOADER = "$(TEST_HOST)";
				CODE_SIGN_STYLE = Automatic;
				CURRENT_PROJECT_VERSION = 1;
				GENERATE_INFOPLIST_FILE = YES;
				IPHONEOS_DEPLOYMENT_TARGET = 18.2;
				MARKETING_VERSION = 1.0;
				PRODUCT_BUNDLE_IDENTIFIER = "me.thanish.Bo-netiderTests";
				PRODUCT_NAME = "$(TARGET_NAME)";
				SWIFT_EMIT_LOC_STRINGS = NO;
				SWIFT_VERSION = 5.0;
				TARGETED_DEVICE_FAMILY = "1,2";
				TEST_HOST = "$(BUILT_PRODUCTS_DIR)/Bönetider.app/$(BUNDLE_EXECUTABLE_FOLDER_PATH)/Bönetider";
			};
			name = Debug;
		};
		403838E42D4C321B00A918BE /* Release */ = {
			isa = XCBuildConfiguration;
			buildSettings = {
				BUNDLE_LOADER = "$(TEST_HOST)";
				CODE_SIGN_STYLE = Automatic;
				CURRENT_PROJECT_VERSION = 1;
				GENERATE_INFOPLIST_FILE = YES;
				IPHONEOS_DEPLOYMENT_TARGET = 18.2;
				MARKETING_VERSION = 1.0;
				PRODUCT_BUNDLE_IDENTIFIER = "me.thanish.Bo-netiderTests";
				PRODUCT_NAME = "$(TARGET_NAME)";
				SWIFT_EMIT_LOC_STRINGS = NO;
				SWIFT_VERSION = 5.0;
				TARGETED_DEVICE_FAMILY = "1,2";
				TEST_HOST = "$(BUILT_PRODUCTS_DIR)/Bönetider.app/$(BUNDLE_EXECUTABLE_FOLDER_PATH)/Bönetider";
			};
			name = Release;
		};
		403838E62D4C321B00A918BE /* Debug */ = {
			isa = XCBuildConfiguration;
			buildSettings = {
				CODE_SIGN_STYLE = Automatic;
				CURRENT_PROJECT_VERSION = 1;
				GENERATE_INFOPLIST_FILE = YES;
				MARKETING_VERSION = 1.0;
				PRODUCT_BUNDLE_IDENTIFIER = "me.thanish.Bo-netiderUITests";
				PRODUCT_NAME = "$(TARGET_NAME)";
				SWIFT_EMIT_LOC_STRINGS = NO;
				SWIFT_VERSION = 5.0;
				TARGETED_DEVICE_FAMILY = "1,2";
				TEST_TARGET_NAME = "Bönetider";
			};
			name = Debug;
		};
		403838E72D4C321B00A918BE /* Release */ = {
			isa = XCBuildConfiguration;
			buildSettings = {
				CODE_SIGN_STYLE = Automatic;
				CURRENT_PROJECT_VERSION = 1;
				GENERATE_INFOPLIST_FILE = YES;
				MARKETING_VERSION = 1.0;
				PRODUCT_BUNDLE_IDENTIFIER = "me.thanish.Bo-netiderUITests";
				PRODUCT_NAME = "$(TARGET_NAME)";
				SWIFT_EMIT_LOC_STRINGS = NO;
				SWIFT_VERSION = 5.0;
				TARGETED_DEVICE_FAMILY = "1,2";
				TEST_TARGET_NAME = "Bönetider";
			};
			name = Release;
		};
/* End XCBuildConfiguration section */

/* Begin XCConfigurationList section */
		403838B62D4C321900A918BE /* Build configuration list for PBXProject "Bönetider" */ = {
			isa = XCConfigurationList;
			buildConfigurations = (
				403838DD2D4C321B00A918BE /* Debug */,
				403838DE2D4C321B00A918BE /* Release */,
			);
			defaultConfigurationIsVisible = 0;
			defaultConfigurationName = Release;
		};
		403838DF2D4C321B00A918BE /* Build configuration list for PBXNativeTarget "Bönetider" */ = {
			isa = XCConfigurationList;
			buildConfigurations = (
				403838E02D4C321B00A918BE /* Debug */,
				403838E12D4C321B00A918BE /* Release */,
			);
			defaultConfigurationIsVisible = 0;
			defaultConfigurationName = Release;
		};
		403838E22D4C321B00A918BE /* Build configuration list for PBXNativeTarget "BönetiderTests" */ = {
			isa = XCConfigurationList;
			buildConfigurations = (
				403838E32D4C321B00A918BE /* Debug */,
				403838E42D4C321B00A918BE /* Release */,
			);
			defaultConfigurationIsVisible = 0;
			defaultConfigurationName = Release;
		};
		403838E52D4C321B00A918BE /* Build configuration list for PBXNativeTarget "BönetiderUITests" */ = {
			isa = XCConfigurationList;
			buildConfigurations = (
				403838E62D4C321B00A918BE /* Debug */,
				403838E72D4C321B00A918BE /* Release */,
			);
			defaultConfigurationIsVisible = 0;
			defaultConfigurationName = Release;
		};
/* End XCConfigurationList section */
	};
	rootObject = 403838B32D4C321900A918BE /* Project object */;
}
